
Microsoft Visual Studio Solution File, Format Version 12.00
# Visual Studio 14
VisualStudioVersion = 14.0.25123.0
MinimumVisualStudioVersion = 10.0.40219.1
Project("{FAE04EC0-301F-11D3-BF4B-00C04F79EFBC}") = "MultiChainLib", "MultichainLib\MultiChainLib.csproj", "{F7C35562-FDD5-4124-86DF-B8BE94CF816D}"
EndProject
Project("{FAE04EC0-301F-11D3-BF4B-00C04F79EFBC}") = "MultiChainLib.Harness", "MultichainLib.Harness\MultiChainLib.Harness.csproj", "{E59E905D-1601-4B15-A6E5-ACE8FD89E1DB}"
EndProject
Project("{FAE04EC0-301F-11D3-BF4B-00C04F79EFBC}") = "TrustlessClientWeb", "TrustlessClientWeb\TrustlessClientWeb.csproj", "{B85F0D2E-8CAF-4927-A648-421C99EB2AFA}"
EndProject
Project("{FAE04EC0-301F-11D3-BF4B-00C04F79EFBC}") = "TrustLessModelLib", "TrustLessModelLib\TrustLessModelLib.csproj", "{233CBB51-09A0-4DF1-9D08-A305F6C1794D}"
EndProject
Project("{FAE04EC0-301F-11D3-BF4B-00C04F79EFBC}") = "TrustlessClientWeb2", "TrustlessClientWeb2\TrustlessClientWeb2.csproj", "{3FEF865A-5103-4FBA-AC7E-2179006493B9}"
EndProject
Project("{FAE04EC0-301F-11D3-BF4B-00C04F79EFBC}") = "MultichainCliLib", "MultichainCliLib\MultichainCliLib.csproj", "{22E5A8ED-65A5-45DF-AAD0-76EED5F65AA1}"
EndProject
Project("{FAE04EC0-301F-11D3-BF4B-00C04F79EFBC}") = "TrustlessAPI", "TrustlessAPI\TrustlessAPI.csproj", "{80039B5C-E1F5-4682-9B02-CD8861F7B63E}"
EndProject
Global
	GlobalSection(SolutionConfigurationPlatforms) = preSolution
		Debug|Any CPU = Debug|Any CPU
		Release|Any CPU = Release|Any CPU
	EndGlobalSection
	GlobalSection(ProjectConfigurationPlatforms) = postSolution
		{F7C35562-FDD5-4124-86DF-B8BE94CF816D}.Debug|Any CPU.ActiveCfg = Debug|Any CPU
		{F7C35562-FDD5-4124-86DF-B8BE94CF816D}.Debug|Any CPU.Build.0 = Debug|Any CPU
		{F7C35562-FDD5-4124-86DF-B8BE94CF816D}.Release|Any CPU.ActiveCfg = Release|Any CPU
		{F7C35562-FDD5-4124-86DF-B8BE94CF816D}.Release|Any CPU.Build.0 = Release|Any CPU
		{E59E905D-1601-4B15-A6E5-ACE8FD89E1DB}.Debug|Any CPU.ActiveCfg = Debug|Any CPU
		{E59E905D-1601-4B15-A6E5-ACE8FD89E1DB}.Debug|Any CPU.Build.0 = Debug|Any CPU
		{E59E905D-1601-4B15-A6E5-ACE8FD89E1DB}.Release|Any CPU.ActiveCfg = Release|Any CPU
		{E59E905D-1601-4B15-A6E5-ACE8FD89E1DB}.Release|Any CPU.Build.0 = Release|Any CPU
		{B85F0D2E-8CAF-4927-A648-421C99EB2AFA}.Debug|Any CPU.ActiveCfg = Debug|Any CPU
		{B85F0D2E-8CAF-4927-A648-421C99EB2AFA}.Debug|Any CPU.Build.0 = Debug|Any CPU
		{B85F0D2E-8CAF-4927-A648-421C99EB2AFA}.Release|Any CPU.ActiveCfg = Release|Any CPU
		{B85F0D2E-8CAF-4927-A648-421C99EB2AFA}.Release|Any CPU.Build.0 = Release|Any CPU
		{233CBB51-09A0-4DF1-9D08-A305F6C1794D}.Debug|Any CPU.ActiveCfg = Debug|Any CPU
		{233CBB51-09A0-4DF1-9D08-A305F6C1794D}.Debug|Any CPU.Build.0 = Debug|Any CPU
		{233CBB51-09A0-4DF1-9D08-A305F6C1794D}.Release|Any CPU.ActiveCfg = Release|Any CPU
		{233CBB51-09A0-4DF1-9D08-A305F6C1794D}.Release|Any CPU.Build.0 = Release|Any CPU
		{3FEF865A-5103-4FBA-AC7E-2179006493B9}.Debug|Any CPU.ActiveCfg = Debug|Any CPU
		{3FEF865A-5103-4FBA-AC7E-2179006493B9}.Debug|Any CPU.Build.0 = Debug|Any CPU
		{3FEF865A-5103-4FBA-AC7E-2179006493B9}.Release|Any CPU.ActiveCfg = Release|Any CPU
		{3FEF865A-5103-4FBA-AC7E-2179006493B9}.Release|Any CPU.Build.0 = Release|Any CPU
		{22E5A8ED-65A5-45DF-AAD0-76EED5F65AA1}.Debug|Any CPU.ActiveCfg = Debug|Any CPU
		{22E5A8ED-65A5-45DF-AAD0-76EED5F65AA1}.Debug|Any CPU.Build.0 = Debug|Any CPU
		{22E5A8ED-65A5-45DF-AAD0-76EED5F65AA1}.Release|Any CPU.ActiveCfg = Release|Any CPU
		{22E5A8ED-65A5-45DF-AAD0-76EED5F65AA1}.Release|Any CPU.Build.0 = Release|Any CPU
		{80039B5C-E1F5-4682-9B02-CD8861F7B63E}.Debug|Any CPU.ActiveCfg = Debug|Any CPU
		{80039B5C-E1F5-4682-9B02-CD8861F7B63E}.Debug|Any CPU.Build.0 = Debug|Any CPU
		{80039B5C-E1F5-4682-9B02-CD8861F7B63E}.Release|Any CPU.ActiveCfg = Release|Any CPU
		{80039B5C-E1F5-4682-9B02-CD8861F7B63E}.Release|Any CPU.Build.0 = Release|Any CPU
	EndGlobalSection
	GlobalSection(SolutionProperties) = preSolution
		HideSolutionNode = FALSE
	EndGlobalSection
EndGlobal
