
Microsoft Visual Studio Solution File, Format Version 12.00
# Visual Studio 14
VisualStudioVersion = 14.0.24720.0
MinimumVisualStudioVersion = 10.0.40219.1
Project("{FAE04EC0-301F-11D3-BF4B-00C04F79EFBC}") = "TrustLessAPI", "TrustLessAPI\TrustLessAPI\TrustLessAPI.csproj", "{DD839D8D-5BE2-45F7-84BE-7262BF7C0227}"
EndProject
Project("{FAE04EC0-301F-11D3-BF4B-00C04F79EFBC}") = "TrustLessClient", "TrustLessClient\TrustLessClient.csproj", "{A6336ABE-8336-4F27-AAA9-E311FD2FBDA2}"
EndProject
Project("{FAE04EC0-301F-11D3-BF4B-00C04F79EFBC}") = "MultiChainLib", "MultichainLib\MultiChainLib.csproj", "{F7C35562-FDD5-4124-86DF-B8BE94CF816D}"
EndProject
Project("{FAE04EC0-301F-11D3-BF4B-00C04F79EFBC}") = "MultiChainLib.Harness", "MultichainLib.Harness\MultiChainLib.Harness.csproj", "{E59E905D-1601-4B15-A6E5-ACE8FD89E1DB}"
EndProject
Project("{FAE04EC0-301F-11D3-BF4B-00C04F79EFBC}") = "TrustlessClientWeb", "TrustlessClientWeb\TrustlessClientWeb.csproj", "{466FD4D8-D804-4D23-8614-3736C45B18C1}"
EndProject
Global
	GlobalSection(SolutionConfigurationPlatforms) = preSolution
		Debug|Any CPU = Debug|Any CPU
		Release|Any CPU = Release|Any CPU
	EndGlobalSection
	GlobalSection(ProjectConfigurationPlatforms) = postSolution
		{DD839D8D-5BE2-45F7-84BE-7262BF7C0227}.Debug|Any CPU.ActiveCfg = Debug|Any CPU
		{DD839D8D-5BE2-45F7-84BE-7262BF7C0227}.Debug|Any CPU.Build.0 = Debug|Any CPU
		{DD839D8D-5BE2-45F7-84BE-7262BF7C0227}.Release|Any CPU.ActiveCfg = Release|Any CPU
		{DD839D8D-5BE2-45F7-84BE-7262BF7C0227}.Release|Any CPU.Build.0 = Release|Any CPU
		{A6336ABE-8336-4F27-AAA9-E311FD2FBDA2}.Debug|Any CPU.ActiveCfg = Debug|Any CPU
		{A6336ABE-8336-4F27-AAA9-E311FD2FBDA2}.Debug|Any CPU.Build.0 = Debug|Any CPU
		{A6336ABE-8336-4F27-AAA9-E311FD2FBDA2}.Release|Any CPU.ActiveCfg = Release|Any CPU
		{A6336ABE-8336-4F27-AAA9-E311FD2FBDA2}.Release|Any CPU.Build.0 = Release|Any CPU
		{F7C35562-FDD5-4124-86DF-B8BE94CF816D}.Debug|Any CPU.ActiveCfg = Debug|Any CPU
		{F7C35562-FDD5-4124-86DF-B8BE94CF816D}.Debug|Any CPU.Build.0 = Debug|Any CPU
		{F7C35562-FDD5-4124-86DF-B8BE94CF816D}.Release|Any CPU.ActiveCfg = Release|Any CPU
		{F7C35562-FDD5-4124-86DF-B8BE94CF816D}.Release|Any CPU.Build.0 = Release|Any CPU
		{E59E905D-1601-4B15-A6E5-ACE8FD89E1DB}.Debug|Any CPU.ActiveCfg = Debug|Any CPU
		{E59E905D-1601-4B15-A6E5-ACE8FD89E1DB}.Debug|Any CPU.Build.0 = Debug|Any CPU
		{E59E905D-1601-4B15-A6E5-ACE8FD89E1DB}.Release|Any CPU.ActiveCfg = Release|Any CPU
		{E59E905D-1601-4B15-A6E5-ACE8FD89E1DB}.Release|Any CPU.Build.0 = Release|Any CPU
		{466FD4D8-D804-4D23-8614-3736C45B18C1}.Debug|Any CPU.ActiveCfg = Debug|Any CPU
		{466FD4D8-D804-4D23-8614-3736C45B18C1}.Debug|Any CPU.Build.0 = Debug|Any CPU
		{466FD4D8-D804-4D23-8614-3736C45B18C1}.Release|Any CPU.ActiveCfg = Release|Any CPU
		{466FD4D8-D804-4D23-8614-3736C45B18C1}.Release|Any CPU.Build.0 = Release|Any CPU
	EndGlobalSection
	GlobalSection(SolutionProperties) = preSolution
		HideSolutionNode = FALSE
	EndGlobalSection
EndGlobal
