
Microsoft Visual Studio Solution File, Format Version 12.00
# Visual Studio 2013
VisualStudioVersion = 12.0.31101.0
MinimumVisualStudioVersion = 10.0.40219.1
Project("{FAE04EC0-301F-11D3-BF4B-00C04F79EFBC}") = "TrustlessAPI", "TrustlessAPI\TrustlessAPI.csproj", "{169B9A6F-5B50-4F81-81BA-8D3EF982F5C4}"
EndProject
Project("{FAE04EC0-301F-11D3-BF4B-00C04F79EFBC}") = "TrustLessModelLib", "TrustLessModelLib\TrustLessModelLib.csproj", "{233CBB51-09A0-4DF1-9D08-A305F6C1794D}"
EndProject
Project("{FAE04EC0-301F-11D3-BF4B-00C04F79EFBC}") = "MultichainCliLib", "..\MultichainCliLib\MultichainCliLib.csproj", "{22E5A8ED-65A5-45DF-AAD0-76EED5F65AA1}"
EndProject
Global
	GlobalSection(SolutionConfigurationPlatforms) = preSolution
		Debug|Any CPU = Debug|Any CPU
		Debug|Mixed Platforms = Debug|Mixed Platforms
		Debug|x86 = Debug|x86
		Release|Any CPU = Release|Any CPU
		Release|Mixed Platforms = Release|Mixed Platforms
		Release|x86 = Release|x86
	EndGlobalSection
	GlobalSection(ProjectConfigurationPlatforms) = postSolution
		{169B9A6F-5B50-4F81-81BA-8D3EF982F5C4}.Debug|Any CPU.ActiveCfg = Debug|Any CPU
		{169B9A6F-5B50-4F81-81BA-8D3EF982F5C4}.Debug|Any CPU.Build.0 = Debug|Any CPU
		{169B9A6F-5B50-4F81-81BA-8D3EF982F5C4}.Debug|Mixed Platforms.ActiveCfg = Debug|Any CPU
		{169B9A6F-5B50-4F81-81BA-8D3EF982F5C4}.Debug|Mixed Platforms.Build.0 = Debug|Any CPU
		{169B9A6F-5B50-4F81-81BA-8D3EF982F5C4}.Debug|x86.ActiveCfg = Debug|Any CPU
		{169B9A6F-5B50-4F81-81BA-8D3EF982F5C4}.Debug|x86.Build.0 = Debug|Any CPU
		{169B9A6F-5B50-4F81-81BA-8D3EF982F5C4}.Release|Any CPU.ActiveCfg = Release|Any CPU
		{169B9A6F-5B50-4F81-81BA-8D3EF982F5C4}.Release|Any CPU.Build.0 = Release|Any CPU
		{169B9A6F-5B50-4F81-81BA-8D3EF982F5C4}.Release|Mixed Platforms.ActiveCfg = Release|Any CPU
		{169B9A6F-5B50-4F81-81BA-8D3EF982F5C4}.Release|Mixed Platforms.Build.0 = Release|Any CPU
		{169B9A6F-5B50-4F81-81BA-8D3EF982F5C4}.Release|x86.ActiveCfg = Release|Any CPU
		{169B9A6F-5B50-4F81-81BA-8D3EF982F5C4}.Release|x86.Build.0 = Release|Any CPU
		{233CBB51-09A0-4DF1-9D08-A305F6C1794D}.Debug|Any CPU.ActiveCfg = Debug|Any CPU
		{233CBB51-09A0-4DF1-9D08-A305F6C1794D}.Debug|Any CPU.Build.0 = Debug|Any CPU
		{233CBB51-09A0-4DF1-9D08-A305F6C1794D}.Debug|Mixed Platforms.ActiveCfg = Debug|Any CPU
		{233CBB51-09A0-4DF1-9D08-A305F6C1794D}.Debug|Mixed Platforms.Build.0 = Debug|Any CPU
		{233CBB51-09A0-4DF1-9D08-A305F6C1794D}.Debug|x86.ActiveCfg = Debug|Any CPU
		{233CBB51-09A0-4DF1-9D08-A305F6C1794D}.Debug|x86.Build.0 = Debug|Any CPU
		{233CBB51-09A0-4DF1-9D08-A305F6C1794D}.Release|Any CPU.ActiveCfg = Release|Any CPU
		{233CBB51-09A0-4DF1-9D08-A305F6C1794D}.Release|Any CPU.Build.0 = Release|Any CPU
		{233CBB51-09A0-4DF1-9D08-A305F6C1794D}.Release|Mixed Platforms.ActiveCfg = Release|Any CPU
		{233CBB51-09A0-4DF1-9D08-A305F6C1794D}.Release|Mixed Platforms.Build.0 = Release|Any CPU
		{233CBB51-09A0-4DF1-9D08-A305F6C1794D}.Release|x86.ActiveCfg = Release|Any CPU
		{233CBB51-09A0-4DF1-9D08-A305F6C1794D}.Release|x86.Build.0 = Release|Any CPU
		{22E5A8ED-65A5-45DF-AAD0-76EED5F65AA1}.Debug|Any CPU.ActiveCfg = Debug|Any CPU
		{22E5A8ED-65A5-45DF-AAD0-76EED5F65AA1}.Debug|Any CPU.Build.0 = Debug|Any CPU
		{22E5A8ED-65A5-45DF-AAD0-76EED5F65AA1}.Debug|Mixed Platforms.ActiveCfg = Debug|Any CPU
		{22E5A8ED-65A5-45DF-AAD0-76EED5F65AA1}.Debug|Mixed Platforms.Build.0 = Debug|Any CPU
		{22E5A8ED-65A5-45DF-AAD0-76EED5F65AA1}.Debug|x86.ActiveCfg = Debug|Any CPU
		{22E5A8ED-65A5-45DF-AAD0-76EED5F65AA1}.Release|Any CPU.ActiveCfg = Release|Any CPU
		{22E5A8ED-65A5-45DF-AAD0-76EED5F65AA1}.Release|Any CPU.Build.0 = Release|Any CPU
		{22E5A8ED-65A5-45DF-AAD0-76EED5F65AA1}.Release|Mixed Platforms.ActiveCfg = Release|Any CPU
		{22E5A8ED-65A5-45DF-AAD0-76EED5F65AA1}.Release|Mixed Platforms.Build.0 = Release|Any CPU
		{22E5A8ED-65A5-45DF-AAD0-76EED5F65AA1}.Release|x86.ActiveCfg = Release|Any CPU
	EndGlobalSection
	GlobalSection(SolutionProperties) = preSolution
		HideSolutionNode = FALSE
	EndGlobalSection
	GlobalSection(MonoDevelopProperties) = preSolution
		StartupItem = TrustlessAPI\TrustlessAPI.csproj
	EndGlobalSection
EndGlobal
